{
    "version": 3,
    "terraform_version": "0.11.7",
    "serial": 8,
    "lineage": "9f3c8b71-8236-3846-f384-53ec9b52b14c",
    "modules": [
        {
            "path": [
                "root"
            ],
            "outputs": {},
            "resources": {},
            "depends_on": []
        },
        {
            "path": [
                "root",
                "compute_instance"
            ],
            "outputs": {},
            "resources": {
                "data.google_compute_image.image": {
                    "type": "google_compute_image",
                    "depends_on": [],
                    "primary": {
                        "id": "debian-cloud/debian-9-stretch-v20181011",
                        "attributes": {
                            "archive_size_bytes": "9336957056",
                            "creation_timestamp": "2018-10-11T14:41:40.342-07:00",
                            "description": "Debian, Debian GNU/Linux, 9 (stretch), amd64 built on 20181011",
                            "disk_size_gb": "10",
                            "family": "debian-9",
                            "id": "debian-cloud/debian-9-stretch-v20181011",
                            "image_encryption_key_sha256": "",
                            "image_id": "5153499327621135740",
                            "label_fingerprint": "42WmSpB8rSM=",
                            "labels.%": "0",
                            "licenses.#": "1",
                            "licenses.0": "https://www.googleapis.com/compute/v1/projects/debian-cloud/global/licenses/debian-9-stretch",
                            "name": "debian-9-stretch-v20181011",
                            "project": "debian-cloud",
                            "self_link": "https://www.googleapis.com/compute/v1/projects/debian-cloud/global/images/debian-9-stretch-v20181011",
                            "source_disk": "",
                            "source_disk_encryption_key_sha256": "",
                            "source_disk_id": "",
                            "source_image_id": "",
                            "status": "READY"
                        },
                        "meta": {},
                        "tainted": false
                    },
                    "deposed": [],
                    "provider": "provider.google"
                },
                "google_compute_instance.compute_additional_disk": {
                    "type": "google_compute_instance",
                    "depends_on": [
                        "data.google_compute_image.image"
                    ],
                    "primary": {
                        "id": "c-instance-01",
                        "attributes": {
                            "attached_disk.#": "1",
                            "attached_disk.0.device_name": "persistent-disk-1",
                            "attached_disk.0.disk_encryption_key_raw": "",
                            "attached_disk.0.disk_encryption_key_sha256": "",
                            "attached_disk.0.mode": "READ_WRITE",
                            "attached_disk.0.source": "https://www.googleapis.com/compute/v1/projects/dani-playground/zones/us-central1-b/disks/centos7",
                            "boot_disk.#": "1",
                            "boot_disk.0.auto_delete": "true",
                            "boot_disk.0.device_name": "persistent-disk-0",
                            "boot_disk.0.disk_encryption_key_raw": "",
                            "boot_disk.0.disk_encryption_key_sha256": "",
                            "boot_disk.0.initialize_params.#": "1",
                            "boot_disk.0.initialize_params.0.image": "https://www.googleapis.com/compute/v1/projects/debian-cloud/global/images/debian-9-stretch-v20181011",
                            "boot_disk.0.initialize_params.0.size": "30",
                            "boot_disk.0.initialize_params.0.type": "pd-standard",
                            "boot_disk.0.source": "https://www.googleapis.com/compute/v1/projects/dani-playground/zones/us-central1-b/disks/c-instance-01",
                            "can_ip_forward": "false",
                            "cpu_platform": "Intel Haswell",
                            "create_timeout": "4",
                            "deletion_protection": "false",
                            "guest_accelerator.#": "0",
                            "id": "c-instance-01",
                            "instance_id": "2336825372219544889",
                            "label_fingerprint": "42WmSpB8rSM=",
                            "labels.%": "0",
                            "machine_type": "n1-standard-1",
                            "metadata.%": "0",
                            "metadata_fingerprint": "iMSwFEW1-Ok=",
                            "metadata_startup_script": "",
                            "min_cpu_platform": "",
                            "name": "c-instance-01",
                            "network_interface.#": "1",
                            "network_interface.0.access_config.#": "1",
                            "network_interface.0.access_config.0.assigned_nat_ip": "35.232.186.77",
                            "network_interface.0.access_config.0.nat_ip": "35.232.186.77",
                            "network_interface.0.access_config.0.network_tier": "PREMIUM",
                            "network_interface.0.access_config.0.public_ptr_domain_name": "",
                            "network_interface.0.address": "10.128.0.12",
                            "network_interface.0.alias_ip_range.#": "0",
                            "network_interface.0.name": "nic0",
                            "network_interface.0.network": "https://www.googleapis.com/compute/v1/projects/dani-playground/global/networks/default",
                            "network_interface.0.network_ip": "10.128.0.12",
                            "network_interface.0.subnetwork": "https://www.googleapis.com/compute/v1/projects/dani-playground/regions/us-central1/subnetworks/default",
                            "network_interface.0.subnetwork_project": "dani-playground",
                            "project": "dani-playground",
                            "scheduling.#": "1",
                            "scheduling.0.automatic_restart": "false",
                            "scheduling.0.on_host_maintenance": "MIGRATE",
                            "scheduling.0.preemptible": "false",
                            "scratch_disk.#": "0",
                            "self_link": "https://www.googleapis.com/compute/v1/projects/dani-playground/zones/us-central1-b/instances/c-instance-01",
                            "service_account.#": "0",
                            "tags.#": "0",
                            "tags_fingerprint": "42WmSpB8rSM=",
                            "zone": "us-central1-b"
                        },
                        "meta": {
                            "e2bfb730-ecaa-11e6-8f88-34363bc7c4c0": {
                                "create": 360000000000,
                                "delete": 360000000000,
                                "update": 360000000000
                            },
                            "schema_version": "6"
                        },
                        "tainted": false
                    },
                    "deposed": [],
                    "provider": "provider.google"
                }
            },
            "depends_on": []
        }
    ]
}
