{
  "version": 4,
  "terraform_version": "0.12.10",
  "serial": 1,
  "lineage": "f304fe2c-7135-67b7-662c-0ee90cc1f38e",
  "outputs": {},
  "resources": [
    {
      "module": "module.test_vpc",
      "mode": "managed",
      "type": "google_compute_network",
      "name": "vpc",
      "provider": "provider.google",
      "instances": [
        {
          "schema_version": 0,
          "attributes": {
            "auto_create_subnetworks": false,
            "delete_default_routes_on_create": false,
            "description": "",
            "gateway_ipv4": "",
            "id": "testing-vpc-vpc",
            "ipv4_range": "",
            "name": "testing-vpc-vpc",
            "project": "dani-playground",
            "routing_mode": "REGIONAL",
            "self_link": "https://www.googleapis.com/compute/v1/projects/dani-playground/global/networks/testing-vpc-vpc",
            "timeouts": null
          },
          "private": "eyJlMmJmYjczMC1lY2FhLTExZTYtOGY4OC0zNDM2M2JjN2M0YzAiOnsiY3JlYXRlIjoyNDAwMDAwMDAwMDAsImRlbGV0ZSI6MjQwMDAwMDAwMDAwLCJ1cGRhdGUiOjI0MDAwMDAwMDAwMH19"
        }
      ]
    }
  ]
}
